
Microsoft Visual Studio Solution File, Format Version 12.00
# Visual Studio 2013
VisualStudioVersion = 12.0.30501.0
MinimumVisualStudioVersion = 10.0.40219.1
Project("{2150E333-8FDC-42A3-9474-1A3956D46DE8}") = "SharedApp", "SharedApp", "{31E62CDB-53DB-47F8-BF98-8AD8105D65A5}"
EndProject
Project("{D954291E-2A0B-460D-934E-DC6B0785DB48}") = "Resume.Shared", "Resume\Resume.Shared\Resume.Shared.shproj", "{11A3CBF1-BA72-4983-8421-C3F796397B99}"
EndProject
Project("{262852C6-CD72-467D-83FE-5EEB1973A190}") = "Resume.Windows", "Resume\Resume.Windows\Resume.Windows.jsproj", "{C97861B5-7EA3-4A3C-8788-478C57395A96}"
EndProject
Project("{262852C6-CD72-467D-83FE-5EEB1973A190}") = "Resume.WindowsPhone", "Resume\Resume.WindowsPhone\Resume.WindowsPhone.jsproj", "{97632EA5-6EEA-4E41-8E53-40002FCD5E71}"
EndProject
Global
	GlobalSection(SharedMSBuildProjectFiles) = preSolution
		Resume\Resume.Shared\Resume.Shared.projitems*{97632ea5-6eea-4e41-8e53-40002fcd5e71}*SharedItemsImports = 5
		Resume\Resume.Shared\Resume.Shared.projitems*{c97861b5-7ea3-4a3c-8788-478c57395a96}*SharedItemsImports = 5
		Resume\Resume.Shared\Resume.Shared.projitems*{11a3cbf1-ba72-4983-8421-c3f796397b99}*SharedItemsImports = 13
	EndGlobalSection
	GlobalSection(SolutionConfigurationPlatforms) = preSolution
		Debug|Any CPU = Debug|Any CPU
		Debug|ARM = Debug|ARM
		Debug|x64 = Debug|x64
		Debug|x86 = Debug|x86
		Release|Any CPU = Release|Any CPU
		Release|ARM = Release|ARM
		Release|x64 = Release|x64
		Release|x86 = Release|x86
	EndGlobalSection
	GlobalSection(ProjectConfigurationPlatforms) = postSolution
		{C97861B5-7EA3-4A3C-8788-478C57395A96}.Debug|Any CPU.ActiveCfg = Debug|Any CPU
		{C97861B5-7EA3-4A3C-8788-478C57395A96}.Debug|Any CPU.Build.0 = Debug|Any CPU
		{C97861B5-7EA3-4A3C-8788-478C57395A96}.Debug|Any CPU.Deploy.0 = Debug|Any CPU
		{C97861B5-7EA3-4A3C-8788-478C57395A96}.Debug|ARM.ActiveCfg = Debug|ARM
		{C97861B5-7EA3-4A3C-8788-478C57395A96}.Debug|ARM.Build.0 = Debug|ARM
		{C97861B5-7EA3-4A3C-8788-478C57395A96}.Debug|ARM.Deploy.0 = Debug|ARM
		{C97861B5-7EA3-4A3C-8788-478C57395A96}.Debug|x64.ActiveCfg = Debug|x64
		{C97861B5-7EA3-4A3C-8788-478C57395A96}.Debug|x64.Build.0 = Debug|x64
		{C97861B5-7EA3-4A3C-8788-478C57395A96}.Debug|x64.Deploy.0 = Debug|x64
		{C97861B5-7EA3-4A3C-8788-478C57395A96}.Debug|x86.ActiveCfg = Debug|x86
		{C97861B5-7EA3-4A3C-8788-478C57395A96}.Debug|x86.Build.0 = Debug|x86
		{C97861B5-7EA3-4A3C-8788-478C57395A96}.Debug|x86.Deploy.0 = Debug|x86
		{C97861B5-7EA3-4A3C-8788-478C57395A96}.Release|Any CPU.ActiveCfg = Release|Any CPU
		{C97861B5-7EA3-4A3C-8788-478C57395A96}.Release|Any CPU.Build.0 = Release|Any CPU
		{C97861B5-7EA3-4A3C-8788-478C57395A96}.Release|Any CPU.Deploy.0 = Release|Any CPU
		{C97861B5-7EA3-4A3C-8788-478C57395A96}.Release|ARM.ActiveCfg = Release|ARM
		{C97861B5-7EA3-4A3C-8788-478C57395A96}.Release|ARM.Build.0 = Release|ARM
		{C97861B5-7EA3-4A3C-8788-478C57395A96}.Release|ARM.Deploy.0 = Release|ARM
		{C97861B5-7EA3-4A3C-8788-478C57395A96}.Release|x64.ActiveCfg = Release|x64
		{C97861B5-7EA3-4A3C-8788-478C57395A96}.Release|x64.Build.0 = Release|x64
		{C97861B5-7EA3-4A3C-8788-478C57395A96}.Release|x64.Deploy.0 = Release|x64
		{C97861B5-7EA3-4A3C-8788-478C57395A96}.Release|x86.ActiveCfg = Release|x86
		{C97861B5-7EA3-4A3C-8788-478C57395A96}.Release|x86.Build.0 = Release|x86
		{C97861B5-7EA3-4A3C-8788-478C57395A96}.Release|x86.Deploy.0 = Release|x86
		{97632EA5-6EEA-4E41-8E53-40002FCD5E71}.Debug|Any CPU.ActiveCfg = Debug|Any CPU
		{97632EA5-6EEA-4E41-8E53-40002FCD5E71}.Debug|Any CPU.Build.0 = Debug|Any CPU
		{97632EA5-6EEA-4E41-8E53-40002FCD5E71}.Debug|Any CPU.Deploy.0 = Debug|Any CPU
		{97632EA5-6EEA-4E41-8E53-40002FCD5E71}.Debug|ARM.ActiveCfg = Debug|ARM
		{97632EA5-6EEA-4E41-8E53-40002FCD5E71}.Debug|ARM.Build.0 = Debug|ARM
		{97632EA5-6EEA-4E41-8E53-40002FCD5E71}.Debug|ARM.Deploy.0 = Debug|ARM
		{97632EA5-6EEA-4E41-8E53-40002FCD5E71}.Debug|x64.ActiveCfg = Debug|Any CPU
		{97632EA5-6EEA-4E41-8E53-40002FCD5E71}.Debug|x86.ActiveCfg = Debug|x86
		{97632EA5-6EEA-4E41-8E53-40002FCD5E71}.Debug|x86.Build.0 = Debug|x86
		{97632EA5-6EEA-4E41-8E53-40002FCD5E71}.Debug|x86.Deploy.0 = Debug|x86
		{97632EA5-6EEA-4E41-8E53-40002FCD5E71}.Release|Any CPU.ActiveCfg = Release|Any CPU
		{97632EA5-6EEA-4E41-8E53-40002FCD5E71}.Release|Any CPU.Build.0 = Release|Any CPU
		{97632EA5-6EEA-4E41-8E53-40002FCD5E71}.Release|Any CPU.Deploy.0 = Release|Any CPU
		{97632EA5-6EEA-4E41-8E53-40002FCD5E71}.Release|ARM.ActiveCfg = Release|ARM
		{97632EA5-6EEA-4E41-8E53-40002FCD5E71}.Release|ARM.Build.0 = Release|ARM
		{97632EA5-6EEA-4E41-8E53-40002FCD5E71}.Release|ARM.Deploy.0 = Release|ARM
		{97632EA5-6EEA-4E41-8E53-40002FCD5E71}.Release|x64.ActiveCfg = Release|Any CPU
		{97632EA5-6EEA-4E41-8E53-40002FCD5E71}.Release|x86.ActiveCfg = Release|x86
		{97632EA5-6EEA-4E41-8E53-40002FCD5E71}.Release|x86.Build.0 = Release|x86
		{97632EA5-6EEA-4E41-8E53-40002FCD5E71}.Release|x86.Deploy.0 = Release|x86
	EndGlobalSection
	GlobalSection(SolutionProperties) = preSolution
		HideSolutionNode = FALSE
	EndGlobalSection
	GlobalSection(NestedProjects) = preSolution
		{11A3CBF1-BA72-4983-8421-C3F796397B99} = {31E62CDB-53DB-47F8-BF98-8AD8105D65A5}
		{C97861B5-7EA3-4A3C-8788-478C57395A96} = {31E62CDB-53DB-47F8-BF98-8AD8105D65A5}
		{97632EA5-6EEA-4E41-8E53-40002FCD5E71} = {31E62CDB-53DB-47F8-BF98-8AD8105D65A5}
	EndGlobalSection
EndGlobal
